
Microsoft Visual Studio Solution File, Format Version 12.00
# Visual Studio Version 16
VisualStudioVersion = 16.0.809.8
MinimumVisualStudioVersion = 10.0.40219.1
Project("{FAE04EC0-301F-11D3-BF4B-00C04F79EFBC}") = "HelloWorld", "HelloWorld\HelloWorld.csproj", "{46F1F3C3-23E2-4087-B854-181CCACDDD6C}"
EndProject
Project("{FAE04EC0-301F-11D3-BF4B-00C04F79EFBC}") = "Variables", "Variables\Variables.csproj", "{07A781CA-9ABD-40D1-A646-D501D8715BCC}"
EndProject
Project("{FAE04EC0-301F-11D3-BF4B-00C04F79EFBC}") = "TypeConversion", "TypeConversion\TypeConversion.csproj", "{19364F8E-82AF-423E-AD4E-29120372750E}"
EndProject
Project("{FAE04EC0-301F-11D3-BF4B-00C04F79EFBC}") = "Operators", "Operators\Operators.csproj", "{D0B9E9B0-044F-458F-A0A5-490D942D834C}"
EndProject
Project("{FAE04EC0-301F-11D3-BF4B-00C04F79EFBC}") = "CSharpFundamentals", "CSharpFundamentals\CSharpFundamentals.csproj", "{BDEDE807-DA41-4319-8E59-F28D4DCA6A2F}"
EndProject
Project("{FAE04EC0-301F-11D3-BF4B-00C04F79EFBC}") = "ArrayDemo", "ArrayDemo\ArrayDemo.csproj", "{B61EF365-7FEE-4565-A386-D5A55680B1B3}"
EndProject
Global
	GlobalSection(SolutionConfigurationPlatforms) = preSolution
		Debug|anycpu = Debug|anycpu
		Release|anycpu = Release|anycpu
	EndGlobalSection
	GlobalSection(ProjectConfigurationPlatforms) = postSolution
		{46F1F3C3-23E2-4087-B854-181CCACDDD6C}.Debug|anycpu.ActiveCfg = Debug|anycpu
		{46F1F3C3-23E2-4087-B854-181CCACDDD6C}.Debug|anycpu.Build.0 = Debug|anycpu
		{46F1F3C3-23E2-4087-B854-181CCACDDD6C}.Release|anycpu.ActiveCfg = Release|anycpu
		{46F1F3C3-23E2-4087-B854-181CCACDDD6C}.Release|anycpu.Build.0 = Release|anycpu
		{07A781CA-9ABD-40D1-A646-D501D8715BCC}.Debug|anycpu.ActiveCfg = Debug|anycpu
		{07A781CA-9ABD-40D1-A646-D501D8715BCC}.Debug|anycpu.Build.0 = Debug|anycpu
		{07A781CA-9ABD-40D1-A646-D501D8715BCC}.Release|anycpu.ActiveCfg = Release|anycpu
		{07A781CA-9ABD-40D1-A646-D501D8715BCC}.Release|anycpu.Build.0 = Release|anycpu
		{19364F8E-82AF-423E-AD4E-29120372750E}.Debug|anycpu.ActiveCfg = Debug|anycpu
		{19364F8E-82AF-423E-AD4E-29120372750E}.Debug|anycpu.Build.0 = Debug|anycpu
		{19364F8E-82AF-423E-AD4E-29120372750E}.Release|anycpu.ActiveCfg = Release|anycpu
		{19364F8E-82AF-423E-AD4E-29120372750E}.Release|anycpu.Build.0 = Release|anycpu
		{D0B9E9B0-044F-458F-A0A5-490D942D834C}.Debug|anycpu.ActiveCfg = Debug|anycpu
		{D0B9E9B0-044F-458F-A0A5-490D942D834C}.Debug|anycpu.Build.0 = Debug|anycpu
		{D0B9E9B0-044F-458F-A0A5-490D942D834C}.Release|anycpu.ActiveCfg = Release|anycpu
		{D0B9E9B0-044F-458F-A0A5-490D942D834C}.Release|anycpu.Build.0 = Release|anycpu
		{BDEDE807-DA41-4319-8E59-F28D4DCA6A2F}.Debug|anycpu.ActiveCfg = Debug|anycpu
		{BDEDE807-DA41-4319-8E59-F28D4DCA6A2F}.Debug|anycpu.Build.0 = Debug|anycpu
		{BDEDE807-DA41-4319-8E59-F28D4DCA6A2F}.Release|anycpu.ActiveCfg = Release|anycpu
		{BDEDE807-DA41-4319-8E59-F28D4DCA6A2F}.Release|anycpu.Build.0 = Release|anycpu
		{B61EF365-7FEE-4565-A386-D5A55680B1B3}.Debug|anycpu.ActiveCfg = Debug|anycpu
		{B61EF365-7FEE-4565-A386-D5A55680B1B3}.Debug|anycpu.Build.0 = Debug|anycpu
		{B61EF365-7FEE-4565-A386-D5A55680B1B3}.Release|anycpu.ActiveCfg = Release|anycpu
		{B61EF365-7FEE-4565-A386-D5A55680B1B3}.Release|anycpu.Build.0 = Release|anycpu
	EndGlobalSection
	GlobalSection(SolutionProperties) = preSolution
		HideSolutionNode = FALSE
	EndGlobalSection
	GlobalSection(ExtensibilityGlobals) = postSolution
		SolutionGuid = {E390106F-5C64-4FB6-B3EB-C666C832FBF6}
	EndGlobalSection
EndGlobal
